// !$*UTF8*$!
{
	archiveVersion = 1;
	classes = {
	};
	objectVersion = 50;
	objects = {

/* Begin PBXBuildFile section */
		A30A267621200E7400EE79D8 /* AppDelegate.swift in Sources */ = {isa = PBXBuildFile; fileRef = A30A267521200E7400EE79D8 /* AppDelegate.swift */; };
		A30A267821200E7500EE79D8 /* EugeneParksController.swift in Sources */ = {isa = PBXBuildFile; fileRef = A30A267721200E7500EE79D8 /* EugeneParksController.swift */; };
		A30A267B21200E7500EE79D8 /* Main.storyboard in Resources */ = {isa = PBXBuildFile; fileRef = A30A267921200E7500EE79D8 /* Main.storyboard */; };
		A30A267E21200E7500EE79D8 /* EugeneParks2.xcdatamodeld in Sources */ = {isa = PBXBuildFile; fileRef = A30A267C21200E7500EE79D8 /* EugeneParks2.xcdatamodeld */; };
		A30A268021200E7800EE79D8 /* Assets.xcassets in Resources */ = {isa = PBXBuildFile; fileRef = A30A267F21200E7800EE79D8 /* Assets.xcassets */; };
		A30A268321200E7800EE79D8 /* LaunchScreen.storyboard in Resources */ = {isa = PBXBuildFile; fileRef = A30A268121200E7800EE79D8 /* LaunchScreen.storyboard */; };
		A30A268E21200E7800EE79D8 /* EugeneParks2Tests.swift in Sources */ = {isa = PBXBuildFile; fileRef = A30A268D21200E7800EE79D8 /* EugeneParks2Tests.swift */; };
		A30A269921200E7900EE79D8 /* EugeneParks2UITests.swift in Sources */ = {isa = PBXBuildFile; fileRef = A30A269821200E7900EE79D8 /* EugeneParks2UITests.swift */; };
/* End PBXBuildFile section */

/* Begin PBXContainerItemProxy section */
		A30A268A21200E7800EE79D8 /* PBXContainerItemProxy */ = {
			isa = PBXContainerItemProxy;
			containerPortal = A30A266A21200E7400EE79D8 /* Project object */;
			proxyType = 1;
			remoteGlobalIDString = A30A267121200E7400EE79D8;
			remoteInfo = EugeneParks2;
		};
		A30A269521200E7900EE79D8 /* PBXContainerItemProxy */ = {
			isa = PBXContainerItemProxy;
			containerPortal = A30A266A21200E7400EE79D8 /* Project object */;
			proxyType = 1;
			remoteGlobalIDString = A30A267121200E7400EE79D8;
			remoteInfo = EugeneParks2;
		};
/* End PBXContainerItemProxy section */

/* Begin PBXFileReference section */
		A30A267221200E7400EE79D8 /* EugeneParks2.app */ = {isa = PBXFileReference; explicitFileType = wrapper.application; includeInIndex = 0; path = EugeneParks2.app; sourceTree = BUILT_PRODUCTS_DIR; };
		A30A267521200E7400EE79D8 /* AppDelegate.swift */ = {isa = PBXFileReference; lastKnownFileType = sourcecode.swift; path = AppDelegate.swift; sourceTree = "<group>"; };
		A30A267721200E7500EE79D8 /* EugeneParksController.swift */ = {isa = PBXFileReference; lastKnownFileType = sourcecode.swift; path = EugeneParksController.swift; sourceTree = "<group>"; };
		A30A267A21200E7500EE79D8 /* Base */ = {isa = PBXFileReference; lastKnownFileType = file.storyboard; name = Base; path = Base.lproj/Main.storyboard; sourceTree = "<group>"; };
		A30A267D21200E7500EE79D8 /* EugeneParks2.xcdatamodel */ = {isa = PBXFileReference; lastKnownFileType = wrapper.xcdatamodel; path = EugeneParks2.xcdatamodel; sourceTree = "<group>"; };
		A30A267F21200E7800EE79D8 /* Assets.xcassets */ = {isa = PBXFileReference; lastKnownFileType = folder.assetcatalog; path = Assets.xcassets; sourceTree = "<group>"; };
		A30A268221200E7800EE79D8 /* Base */ = {isa = PBXFileReference; lastKnownFileType = file.storyboard; name = Base; path = Base.lproj/LaunchScreen.storyboard; sourceTree = "<group>"; };
		A30A268421200E7800EE79D8 /* Info.plist */ = {isa = PBXFileReference; lastKnownFileType = text.plist.xml; path = Info.plist; sourceTree = "<group>"; };
		A30A268921200E7800EE79D8 /* EugeneParks2Tests.xctest */ = {isa = PBXFileReference; explicitFileType = wrapper.cfbundle; includeInIndex = 0; path = EugeneParks2Tests.xctest; sourceTree = BUILT_PRODUCTS_DIR; };
		A30A268D21200E7800EE79D8 /* EugeneParks2Tests.swift */ = {isa = PBXFileReference; lastKnownFileType = sourcecode.swift; path = EugeneParks2Tests.swift; sourceTree = "<group>"; };
		A30A268F21200E7800EE79D8 /* Info.plist */ = {isa = PBXFileReference; lastKnownFileType = text.plist.xml; path = Info.plist; sourceTree = "<group>"; };
		A30A269421200E7900EE79D8 /* EugeneParks2UITests.xctest */ = {isa = PBXFileReference; explicitFileType = wrapper.cfbundle; includeInIndex = 0; path = EugeneParks2UITests.xctest; sourceTree = BUILT_PRODUCTS_DIR; };
		A30A269821200E7900EE79D8 /* EugeneParks2UITests.swift */ = {isa = PBXFileReference; lastKnownFileType = sourcecode.swift; path = EugeneParks2UITests.swift; sourceTree = "<group>"; };
		A30A269A21200E7900EE79D8 /* Info.plist */ = {isa = PBXFileReference; lastKnownFileType = text.plist.xml; path = Info.plist; sourceTree = "<group>"; };
/* End PBXFileReference section */

/* Begin PBXFrameworksBuildPhase section */
		A30A266F21200E7400EE79D8 /* Frameworks */ = {
			isa = PBXFrameworksBuildPhase;
			buildActionMask = 2147483647;
			files = (
			);
			runOnlyForDeploymentPostprocessing = 0;
		};
		A30A268621200E7800EE79D8 /* Frameworks */ = {
			isa = PBXFrameworksBuildPhase;
			buildActionMask = 2147483647;
			files = (
			);
			runOnlyForDeploymentPostprocessing = 0;
		};
		A30A269121200E7900EE79D8 /* Frameworks */ = {
			isa = PBXFrameworksBuildPhase;
			buildActionMask = 2147483647;
			files = (
			);
			runOnlyForDeploymentPostprocessing = 0;
		};
/* End PBXFrameworksBuildPhase section */

/* Begin PBXGroup section */
		A30A266921200E7400EE79D8 = {
			isa = PBXGroup;
			children = (
				A30A267421200E7400EE79D8 /* EugeneParks2 */,
				A30A268C21200E7800EE79D8 /* EugeneParks2Tests */,
				A30A269721200E7900EE79D8 /* EugeneParks2UITests */,
				A30A267321200E7400EE79D8 /* Products */,
			);
			sourceTree = "<group>";
		};
		A30A267321200E7400EE79D8 /* Products */ = {
			isa = PBXGroup;
			children = (
				A30A267221200E7400EE79D8 /* EugeneParks2.app */,
				A30A268921200E7800EE79D8 /* EugeneParks2Tests.xctest */,
				A30A269421200E7900EE79D8 /* EugeneParks2UITests.xctest */,
			);
			name = Products;
			sourceTree = "<group>";
		};
		A30A267421200E7400EE79D8 /* EugeneParks2 */ = {
			isa = PBXGroup;
			children = (
				A30A267521200E7400EE79D8 /* AppDelegate.swift */,
				A30A267721200E7500EE79D8 /* EugeneParksController.swift */,
				A30A267921200E7500EE79D8 /* Main.storyboard */,
				A30A267F21200E7800EE79D8 /* Assets.xcassets */,
				A30A268121200E7800EE79D8 /* LaunchScreen.storyboard */,
				A30A268421200E7800EE79D8 /* Info.plist */,
				A30A267C21200E7500EE79D8 /* EugeneParks2.xcdatamodeld */,
			);
			path = EugeneParks2;
			sourceTree = "<group>";
		};
		A30A268C21200E7800EE79D8 /* EugeneParks2Tests */ = {
			isa = PBXGroup;
			children = (
				A30A268D21200E7800EE79D8 /* EugeneParks2Tests.swift */,
				A30A268F21200E7800EE79D8 /* Info.plist */,
			);
			path = EugeneParks2Tests;
			sourceTree = "<group>";
		};
		A30A269721200E7900EE79D8 /* EugeneParks2UITests */ = {
			isa = PBXGroup;
			children = (
				A30A269821200E7900EE79D8 /* EugeneParks2UITests.swift */,
				A30A269A21200E7900EE79D8 /* Info.plist */,
			);
			path = EugeneParks2UITests;
			sourceTree = "<group>";
		};
/* End PBXGroup section */

/* Begin PBXNativeTarget section */
		A30A267121200E7400EE79D8 /* EugeneParks2 */ = {
			isa = PBXNativeTarget;
			buildConfigurationList = A30A269D21200E7900EE79D8 /* Build configuration list for PBXNativeTarget "EugeneParks2" */;
			buildPhases = (
				A30A266E21200E7400EE79D8 /* Sources */,
				A30A266F21200E7400EE79D8 /* Frameworks */,
				A30A267021200E7400EE79D8 /* Resources */,
				A30A26A72120131800EE79D8 /* Build Number */,
			);
			buildRules = (
			);
			dependencies = (
			);
			name = EugeneParks2;
			productName = EugeneParks2;
			productReference = A30A267221200E7400EE79D8 /* EugeneParks2.app */;
			productType = "com.apple.product-type.application";
		};
		A30A268821200E7800EE79D8 /* EugeneParks2Tests */ = {
			isa = PBXNativeTarget;
			buildConfigurationList = A30A26A021200E7900EE79D8 /* Build configuration list for PBXNativeTarget "EugeneParks2Tests" */;
			buildPhases = (
				A30A268521200E7800EE79D8 /* Sources */,
				A30A268621200E7800EE79D8 /* Frameworks */,
				A30A268721200E7800EE79D8 /* Resources */,
			);
			buildRules = (
			);
			dependencies = (
				A30A268B21200E7800EE79D8 /* PBXTargetDependency */,
			);
			name = EugeneParks2Tests;
			productName = EugeneParks2Tests;
			productReference = A30A268921200E7800EE79D8 /* EugeneParks2Tests.xctest */;
			productType = "com.apple.product-type.bundle.unit-test";
		};
		A30A269321200E7900EE79D8 /* EugeneParks2UITests */ = {
			isa = PBXNativeTarget;
			buildConfigurationList = A30A26A321200E7900EE79D8 /* Build configuration list for PBXNativeTarget "EugeneParks2UITests" */;
			buildPhases = (
				A30A269021200E7900EE79D8 /* Sources */,
				A30A269121200E7900EE79D8 /* Frameworks */,
				A30A269221200E7900EE79D8 /* Resources */,
			);
			buildRules = (
			);
			dependencies = (
				A30A269621200E7900EE79D8 /* PBXTargetDependency */,
			);
			name = EugeneParks2UITests;
			productName = EugeneParks2UITests;
			productReference = A30A269421200E7900EE79D8 /* EugeneParks2UITests.xctest */;
			productType = "com.apple.product-type.bundle.ui-testing";
		};
/* End PBXNativeTarget section */

/* Begin PBXProject section */
		A30A266A21200E7400EE79D8 /* Project object */ = {
			isa = PBXProject;
			attributes = {
				LastSwiftUpdateCheck = 0940;
				LastUpgradeCheck = 0940;
				ORGANIZATIONNAME = "Slinging Pixels Media";
				TargetAttributes = {
					A30A267121200E7400EE79D8 = {
						CreatedOnToolsVersion = 9.4.1;
					};
					A30A268821200E7800EE79D8 = {
						CreatedOnToolsVersion = 9.4.1;
						TestTargetID = A30A267121200E7400EE79D8;
					};
					A30A269321200E7900EE79D8 = {
						CreatedOnToolsVersion = 9.4.1;
						TestTargetID = A30A267121200E7400EE79D8;
					};
				};
			};
			buildConfigurationList = A30A266D21200E7400EE79D8 /* Build configuration list for PBXProject "EugeneParks2" */;
			compatibilityVersion = "Xcode 9.3";
			developmentRegion = en;
			hasScannedForEncodings = 0;
			knownRegions = (
				en,
				Base,
			);
			mainGroup = A30A266921200E7400EE79D8;
			productRefGroup = A30A267321200E7400EE79D8 /* Products */;
			projectDirPath = "";
			projectRoot = "";
			targets = (
				A30A267121200E7400EE79D8 /* EugeneParks2 */,
				A30A268821200E7800EE79D8 /* EugeneParks2Tests */,
				A30A269321200E7900EE79D8 /* EugeneParks2UITests */,
			);
		};
/* End PBXProject section */

/* Begin PBXResourcesBuildPhase section */
		A30A267021200E7400EE79D8 /* Resources */ = {
			isa = PBXResourcesBuildPhase;
			buildActionMask = 2147483647;
			files = (
				A30A268321200E7800EE79D8 /* LaunchScreen.storyboard in Resources */,
				A30A268021200E7800EE79D8 /* Assets.xcassets in Resources */,
				A30A267B21200E7500EE79D8 /* Main.storyboard in Resources */,
			);
			runOnlyForDeploymentPostprocessing = 0;
		};
		A30A268721200E7800EE79D8 /* Resources */ = {
			isa = PBXResourcesBuildPhase;
			buildActionMask = 2147483647;
			files = (
			);
			runOnlyForDeploymentPostprocessing = 0;
		};
		A30A269221200E7900EE79D8 /* Resources */ = {
			isa = PBXResourcesBuildPhase;
			buildActionMask = 2147483647;
			files = (
			);
			runOnlyForDeploymentPostprocessing = 0;
		};
/* End PBXResourcesBuildPhase section */

/* Begin PBXShellScriptBuildPhase section */
		A30A26A72120131800EE79D8 /* Build Number */ = {
			isa = PBXShellScriptBuildPhase;
			buildActionMask = 2147483647;
			files = (
			);
			inputPaths = (
			);
			name = "Build Number";
			outputPaths = (
			);
			runOnlyForDeploymentPostprocessing = 0;
			shellPath = /bin/sh;
			shellScript = "# The following is from: http://blog.jaredsinclair.com/post/97193356620/the-best-of-all-possible-xcode-automated-build\n#\n# Set the build number to the current git commit count.\n# If we're using the Dev scheme, then we'll suffix the build\n# number with the current branch name, to make collisions\n# far less likely across feature branches.\n# Based on: http://w3facility.info/question/how-do-i-force-xcode-to-rebuild-the-info-plist-file-in-my-project-every-time-i-build-the-project/\n#\n# Updated with dSYM handling from http://yellowfeather.co.uk/blog/auto-incrementing-build-number-in-xcode-revisited/\n#\n\ngit=`sh /etc/profile; which git`\nappBuild=`\"$git\" rev-list HEAD --count`\nif [ $CONFIGURATION = \"Debug\" ]; then\nbranchName=`\"$git\" rev-parse --abbrev-ref HEAD`\n/usr/libexec/PlistBuddy -c \"Set :CFBundleVersion $appBuild-$branchName\" \"${TARGET_BUILD_DIR}/${INFOPLIST_PATH}\"\n/usr/libexec/PlistBuddy -c \"Set :CFBundleVersion $appBuild-$branchName\" \"${BUILT_PRODUCTS_DIR}/${WRAPPER_NAME}.dSYM/Contents/Info.plist\"\nelse\n/usr/libexec/PlistBuddy -c \"Set :CFBundleVersion $appBuild\" \"${TARGET_BUILD_DIR}/${INFOPLIST_PATH}\"\n/usr/libexec/PlistBuddy -c \"Set :CFBundleVersion $appBuild\" \"${BUILT_PRODUCTS_DIR}/${WRAPPER_NAME}.dSYM/Contents/Info.plist\"\nfi\necho \"Incremented the build number ${TARGET_BUILD_DIR}/${INFOPLIST_PATH}\"";
		};
/* End PBXShellScriptBuildPhase section */

/* Begin PBXSourcesBuildPhase section */
		A30A266E21200E7400EE79D8 /* Sources */ = {
			isa = PBXSourcesBuildPhase;
			buildActionMask = 2147483647;
			files = (
				A30A267821200E7500EE79D8 /* EugeneParksController.swift in Sources */,
				A30A267621200E7400EE79D8 /* AppDelegate.swift in Sources */,
				A30A267E21200E7500EE79D8 /* EugeneParks2.xcdatamodeld in Sources */,
			);
			runOnlyForDeploymentPostprocessing = 0;
		};
		A30A268521200E7800EE79D8 /* Sources */ = {
			isa = PBXSourcesBuildPhase;
			buildActionMask = 2147483647;
			files = (
				A30A268E21200E7800EE79D8 /* EugeneParks2Tests.swift in Sources */,
			);
			runOnlyForDeploymentPostprocessing = 0;
		};
		A30A269021200E7900EE79D8 /* Sources */ = {
			isa = PBXSourcesBuildPhase;
			buildActionMask = 2147483647;
			files = (
				A30A269921200E7900EE79D8 /* EugeneParks2UITests.swift in Sources */,
			);
			runOnlyForDeploymentPostprocessing = 0;
		};
/* End PBXSourcesBuildPhase section */

/* Begin PBXTargetDependency section */
		A30A268B21200E7800EE79D8 /* PBXTargetDependency */ = {
			isa = PBXTargetDependency;
			target = A30A267121200E7400EE79D8 /* EugeneParks2 */;
			targetProxy = A30A268A21200E7800EE79D8 /* PBXContainerItemProxy */;
		};
		A30A269621200E7900EE79D8 /* PBXTargetDependency */ = {
			isa = PBXTargetDependency;
			target = A30A267121200E7400EE79D8 /* EugeneParks2 */;
			targetProxy = A30A269521200E7900EE79D8 /* PBXContainerItemProxy */;
		};
/* End PBXTargetDependency section */

/* Begin PBXVariantGroup section */
		A30A267921200E7500EE79D8 /* Main.storyboard */ = {
			isa = PBXVariantGroup;
			children = (
				A30A267A21200E7500EE79D8 /* Base */,
			);
			name = Main.storyboard;
			sourceTree = "<group>";
		};
		A30A268121200E7800EE79D8 /* LaunchScreen.storyboard */ = {
			isa = PBXVariantGroup;
			children = (
				A30A268221200E7800EE79D8 /* Base */,
			);
			name = LaunchScreen.storyboard;
			sourceTree = "<group>";
		};
/* End PBXVariantGroup section */

/* Begin XCBuildConfiguration section */
		A30A269B21200E7900EE79D8 /* Debug */ = {
			isa = XCBuildConfiguration;
			buildSettings = {
				ALWAYS_SEARCH_USER_PATHS = NO;
				CLANG_ANALYZER_NONNULL = YES;
				CLANG_ANALYZER_NUMBER_OBJECT_CONVERSION = YES_AGGRESSIVE;
				CLANG_CXX_LANGUAGE_STANDARD = "gnu++14";
				CLANG_CXX_LIBRARY = "libc++";
				CLANG_ENABLE_MODULES = YES;
				CLANG_ENABLE_OBJC_ARC = YES;
				CLANG_ENABLE_OBJC_WEAK = YES;
				CLANG_WARN_BLOCK_CAPTURE_AUTORELEASING = YES;
				CLANG_WARN_BOOL_CONVERSION = YES;
				CLANG_WARN_COMMA = YES;
				CLANG_WARN_CONSTANT_CONVERSION = YES;
				CLANG_WARN_DEPRECATED_OBJC_IMPLEMENTATIONS = YES;
				CLANG_WARN_DIRECT_OBJC_ISA_USAGE = YES_ERROR;
				CLANG_WARN_DOCUMENTATION_COMMENTS = YES;
				CLANG_WARN_EMPTY_BODY = YES;
				CLANG_WARN_ENUM_CONVERSION = YES;
				CLANG_WARN_INFINITE_RECURSION = YES;
				CLANG_WARN_INT_CONVERSION = YES;
				CLANG_WARN_NON_LITERAL_NULL_CONVERSION = YES;
				CLANG_WARN_OBJC_IMPLICIT_RETAIN_SELF = YES;
				CLANG_WARN_OBJC_LITERAL_CONVERSION = YES;
				CLANG_WARN_OBJC_ROOT_CLASS = YES_ERROR;
				CLANG_WARN_RANGE_LOOP_ANALYSIS = YES;
				CLANG_WARN_STRICT_PROTOTYPES = YES;
				CLANG_WARN_SUSPICIOUS_MOVE = YES;
				CLANG_WARN_UNGUARDED_AVAILABILITY = YES_AGGRESSIVE;
				CLANG_WARN_UNREACHABLE_CODE = YES;
				CLANG_WARN__DUPLICATE_METHOD_MATCH = YES;
				CODE_SIGN_IDENTITY = "iPhone Developer";
				COPY_PHASE_STRIP = NO;
				DEBUG_INFORMATION_FORMAT = dwarf;
				ENABLE_STRICT_OBJC_MSGSEND = YES;
				ENABLE_TESTABILITY = YES;
				GCC_C_LANGUAGE_STANDARD = gnu11;
				GCC_DYNAMIC_NO_PIC = NO;
				GCC_NO_COMMON_BLOCKS = YES;
				GCC_OPTIMIZATION_LEVEL = 0;
				GCC_PREPROCESSOR_DEFINITIONS = (
					"DEBUG=1",
					"$(inherited)",
				);
				GCC_WARN_64_TO_32_BIT_CONVERSION = YES;
				GCC_WARN_ABOUT_RETURN_TYPE = YES_ERROR;
				GCC_WARN_UNDECLARED_SELECTOR = YES;
				GCC_WARN_UNINITIALIZED_AUTOS = YES_AGGRESSIVE;
				GCC_WARN_UNUSED_FUNCTION = YES;
				GCC_WARN_UNUSED_VARIABLE = YES;
				IPHONEOS_DEPLOYMENT_TARGET = 11.4;
				MTL_ENABLE_DEBUG_INFO = YES;
				ONLY_ACTIVE_ARCH = YES;
				SDKROOT = iphoneos;
				SWIFT_ACTIVE_COMPILATION_CONDITIONS = DEBUG;
				SWIFT_OPTIMIZATION_LEVEL = "-Onone";
			};
			name = Debug;
		};
		A30A269C21200E7900EE79D8 /* Release */ = {
			isa = XCBuildConfiguration;
			buildSettings = {
				ALWAYS_SEARCH_USER_PATHS = NO;
				CLANG_ANALYZER_NONNULL = YES;
				CLANG_ANALYZER_NUMBER_OBJECT_CONVERSION = YES_AGGRESSIVE;
				CLANG_CXX_LANGUAGE_STANDARD = "gnu++14";
				CLANG_CXX_LIBRARY = "libc++";
				CLANG_ENABLE_MODULES = YES;
				CLANG_ENABLE_OBJC_ARC = YES;
				CLANG_ENABLE_OBJC_WEAK = YES;
				CLANG_WARN_BLOCK_CAPTURE_AUTORELEASING = YES;
				CLANG_WARN_BOOL_CONVERSION = YES;
				CLANG_WARN_COMMA = YES;
				CLANG_WARN_CONSTANT_CONVERSION = YES;
				CLANG_WARN_DEPRECATED_OBJC_IMPLEMENTATIONS = YES;
				CLANG_WARN_DIRECT_OBJC_ISA_USAGE = YES_ERROR;
				CLANG_WARN_DOCUMENTATION_COMMENTS = YES;
				CLANG_WARN_EMPTY_BODY = YES;
				CLANG_WARN_ENUM_CONVERSION = YES;
				CLANG_WARN_INFINITE_RECURSION = YES;
				CLANG_WARN_INT_CONVERSION = YES;
				CLANG_WARN_NON_LITERAL_NULL_CONVERSION = YES;
				CLANG_WARN_OBJC_IMPLICIT_RETAIN_SELF = YES;
				CLANG_WARN_OBJC_LITERAL_CONVERSION = YES;
				CLANG_WARN_OBJC_ROOT_CLASS = YES_ERROR;
				CLANG_WARN_RANGE_LOOP_ANALYSIS = YES;
				CLANG_WARN_STRICT_PROTOTYPES = YES;
				CLANG_WARN_SUSPICIOUS_MOVE = YES;
				CLANG_WARN_UNGUARDED_AVAILABILITY = YES_AGGRESSIVE;
				CLANG_WARN_UNREACHABLE_CODE = YES;
				CLANG_WARN__DUPLICATE_METHOD_MATCH = YES;
				CODE_SIGN_IDENTITY = "iPhone Developer";
				COPY_PHASE_STRIP = NO;
				DEBUG_INFORMATION_FORMAT = "dwarf-with-dsym";
				ENABLE_NS_ASSERTIONS = NO;
				ENABLE_STRICT_OBJC_MSGSEND = YES;
				GCC_C_LANGUAGE_STANDARD = gnu11;
				GCC_NO_COMMON_BLOCKS = YES;
				GCC_WARN_64_TO_32_BIT_CONVERSION = YES;
				GCC_WARN_ABOUT_RETURN_TYPE = YES_ERROR;
				GCC_WARN_UNDECLARED_SELECTOR = YES;
				GCC_WARN_UNINITIALIZED_AUTOS = YES_AGGRESSIVE;
				GCC_WARN_UNUSED_FUNCTION = YES;
				GCC_WARN_UNUSED_VARIABLE = YES;
				IPHONEOS_DEPLOYMENT_TARGET = 11.4;
				MTL_ENABLE_DEBUG_INFO = NO;
				SDKROOT = iphoneos;
				SWIFT_COMPILATION_MODE = wholemodule;
				SWIFT_OPTIMIZATION_LEVEL = "-O";
				VALIDATE_PRODUCT = YES;
			};
			name = Release;
		};
		A30A269E21200E7900EE79D8 /* Debug */ = {
			isa = XCBuildConfiguration;
			buildSettings = {
				ASSETCATALOG_COMPILER_APPICON_NAME = AppIcon;
				CODE_SIGN_STYLE = Automatic;
				DEVELOPMENT_TEAM = C6TW237FTY;
				INFOPLIST_FILE = EugeneParks2/Info.plist;
				LD_RUNPATH_SEARCH_PATHS = (
					"$(inherited)",
					"@executable_path/Frameworks",
				);
				PRODUCT_BUNDLE_IDENTIFIER = com.slingingpixels.EugeneParks2;
				PRODUCT_NAME = "$(TARGET_NAME)";
				SWIFT_VERSION = 4.0;
				TARGETED_DEVICE_FAMILY = 1;
			};
			name = Debug;
		};
		A30A269F21200E7900EE79D8 /* Release */ = {
			isa = XCBuildConfiguration;
			buildSettings = {
				ASSETCATALOG_COMPILER_APPICON_NAME = AppIcon;
				CODE_SIGN_STYLE = Automatic;
				DEVELOPMENT_TEAM = C6TW237FTY;
				INFOPLIST_FILE = EugeneParks2/Info.plist;
				LD_RUNPATH_SEARCH_PATHS = (
					"$(inherited)",
					"@executable_path/Frameworks",
				);
				PRODUCT_BUNDLE_IDENTIFIER = com.slingingpixels.EugeneParks2;
				PRODUCT_NAME = "$(TARGET_NAME)";
				SWIFT_VERSION = 4.0;
				TARGETED_DEVICE_FAMILY = 1;
			};
			name = Release;
		};
		A30A26A121200E7900EE79D8 /* Debug */ = {
			isa = XCBuildConfiguration;
			buildSettings = {
				ALWAYS_EMBED_SWIFT_STANDARD_LIBRARIES = YES;
				BUNDLE_LOADER = "$(TEST_HOST)";
				CODE_SIGN_STYLE = Automatic;
				DEVELOPMENT_TEAM = C6TW237FTY;
				INFOPLIST_FILE = EugeneParks2Tests/Info.plist;
				LD_RUNPATH_SEARCH_PATHS = (
					"$(inherited)",
					"@executable_path/Frameworks",
					"@loader_path/Frameworks",
				);
				PRODUCT_BUNDLE_IDENTIFIER = com.slingingpixels.EugeneParks2Tests;
				PRODUCT_NAME = "$(TARGET_NAME)";
				SWIFT_VERSION = 4.0;
				TARGETED_DEVICE_FAMILY = "1,2";
				TEST_HOST = "$(BUILT_PRODUCTS_DIR)/EugeneParks2.app/EugeneParks2";
			};
			name = Debug;
		};
		A30A26A221200E7900EE79D8 /* Release */ = {
			isa = XCBuildConfiguration;
			buildSettings = {
				ALWAYS_EMBED_SWIFT_STANDARD_LIBRARIES = YES;
				BUNDLE_LOADER = "$(TEST_HOST)";
				CODE_SIGN_STYLE = Automatic;
				DEVELOPMENT_TEAM = C6TW237FTY;
				INFOPLIST_FILE = EugeneParks2Tests/Info.plist;
				LD_RUNPATH_SEARCH_PATHS = (
					"$(inherited)",
					"@executable_path/Frameworks",
					"@loader_path/Frameworks",
				);
				PRODUCT_BUNDLE_IDENTIFIER = com.slingingpixels.EugeneParks2Tests;
				PRODUCT_NAME = "$(TARGET_NAME)";
				SWIFT_VERSION = 4.0;
				TARGETED_DEVICE_FAMILY = "1,2";
				TEST_HOST = "$(BUILT_PRODUCTS_DIR)/EugeneParks2.app/EugeneParks2";
			};
			name = Release;
		};
		A30A26A421200E7900EE79D8 /* Debug */ = {
			isa = XCBuildConfiguration;
			buildSettings = {
				ALWAYS_EMBED_SWIFT_STANDARD_LIBRARIES = YES;
				CODE_SIGN_STYLE = Automatic;
				DEVELOPMENT_TEAM = C6TW237FTY;
				INFOPLIST_FILE = EugeneParks2UITests/Info.plist;
				LD_RUNPATH_SEARCH_PATHS = (
					"$(inherited)",
					"@executable_path/Frameworks",
					"@loader_path/Frameworks",
				);
				PRODUCT_BUNDLE_IDENTIFIER = com.slingingpixels.EugeneParks2UITests;
				PRODUCT_NAME = "$(TARGET_NAME)";
				SWIFT_VERSION = 4.0;
				TARGETED_DEVICE_FAMILY = "1,2";
				TEST_TARGET_NAME = EugeneParks2;
			};
			name = Debug;
		};
		A30A26A521200E7900EE79D8 /* Release */ = {
			isa = XCBuildConfiguration;
			buildSettings = {
				ALWAYS_EMBED_SWIFT_STANDARD_LIBRARIES = YES;
				CODE_SIGN_STYLE = Automatic;
				DEVELOPMENT_TEAM = C6TW237FTY;
				INFOPLIST_FILE = EugeneParks2UITests/Info.plist;
				LD_RUNPATH_SEARCH_PATHS = (
					"$(inherited)",
					"@executable_path/Frameworks",
					"@loader_path/Frameworks",
				);
				PRODUCT_BUNDLE_IDENTIFIER = com.slingingpixels.EugeneParks2UITests;
				PRODUCT_NAME = "$(TARGET_NAME)";
				SWIFT_VERSION = 4.0;
				TARGETED_DEVICE_FAMILY = "1,2";
				TEST_TARGET_NAME = EugeneParks2;
			};
			name = Release;
		};
/* End XCBuildConfiguration section */

/* Begin XCConfigurationList section */
		A30A266D21200E7400EE79D8 /* Build configuration list for PBXProject "EugeneParks2" */ = {
			isa = XCConfigurationList;
			buildConfigurations = (
				A30A269B21200E7900EE79D8 /* Debug */,
				A30A269C21200E7900EE79D8 /* Release */,
			);
			defaultConfigurationIsVisible = 0;
			defaultConfigurationName = Release;
		};
		A30A269D21200E7900EE79D8 /* Build configuration list for PBXNativeTarget "EugeneParks2" */ = {
			isa = XCConfigurationList;
			buildConfigurations = (
				A30A269E21200E7900EE79D8 /* Debug */,
				A30A269F21200E7900EE79D8 /* Release */,
			);
			defaultConfigurationIsVisible = 0;
			defaultConfigurationName = Release;
		};
		A30A26A021200E7900EE79D8 /* Build configuration list for PBXNativeTarget "EugeneParks2Tests" */ = {
			isa = XCConfigurationList;
			buildConfigurations = (
				A30A26A121200E7900EE79D8 /* Debug */,
				A30A26A221200E7900EE79D8 /* Release */,
			);
			defaultConfigurationIsVisible = 0;
			defaultConfigurationName = Release;
		};
		A30A26A321200E7900EE79D8 /* Build configuration list for PBXNativeTarget "EugeneParks2UITests" */ = {
			isa = XCConfigurationList;
			buildConfigurations = (
				A30A26A421200E7900EE79D8 /* Debug */,
				A30A26A521200E7900EE79D8 /* Release */,
			);
			defaultConfigurationIsVisible = 0;
			defaultConfigurationName = Release;
		};
/* End XCConfigurationList section */

/* Begin XCVersionGroup section */
		A30A267C21200E7500EE79D8 /* EugeneParks2.xcdatamodeld */ = {
			isa = XCVersionGroup;
			children = (
				A30A267D21200E7500EE79D8 /* EugeneParks2.xcdatamodel */,
			);
			currentVersion = A30A267D21200E7500EE79D8 /* EugeneParks2.xcdatamodel */;
			path = EugeneParks2.xcdatamodeld;
			sourceTree = "<group>";
			versionGroupType = wrapper.xcdatamodel;
		};
/* End XCVersionGroup section */
	};
	rootObject = A30A266A21200E7400EE79D8 /* Project object */;
}
